Microsoft Visual Studio Solution File, Format Version 12.00
# Visual Studio Version 17
VisualStudioVersion = 17.5.2.0
MinimumVisualStudioVersion = 10.0.40219.1
Project("{FAE04EC0-301F-11D3-BF4B-00C04F79EFBC}") = "APKAway", "src\APKAway\APKAway.csproj", "{4E8EA9FE-373C-30E9-81A5-B341D5B8112E}"
EndProject
Global
	GlobalSection(SolutionConfigurationPlatforms) = preSolution
		Debug|Any CPU = Debug|Any CPU
		Release|Any CPU = Release|Any CPU
	EndGlobalSection
	GlobalSection(ProjectConfigurationPlatforms) = postSolution
		{4E8EA9FE-373C-30E9-81A5-B341D5B8112E}.Debug|Any CPU.ActiveCfg = Debug|Any CPU
		{4E8EA9FE-373C-30E9-81A5-B341D5B8112E}.Debug|Any CPU.Build.0 = Debug|Any CPU
		{4E8EA9FE-373C-30E9-81A5-B341D5B8112E}.Release|Any CPU.ActiveCfg = Release|Any CPU
		{4E8EA9FE-373C-30E9-81A5-B341D5B8112E}.Release|Any CPU.Build.0 = Release|Any CPU
	EndGlobalSection
	GlobalSection(SolutionProperties) = preSolution
		HideSolutionNode = FALSE
	EndGlobalSection
	GlobalSection(ExtensibilityGlobals) = postSolution
		SolutionGuid = {C8CE3817-C92E-4F3C-89E9-F09B6401B0ED}
	EndGlobalSection
EndGlobal
